
Microsoft Visual Studio Solution File, Format Version 12.00
# Visual Studio Version 17
VisualStudioVersion = 17.8.34525.116
MinimumVisualStudioVersion = 10.0.40219.1
Project("{9A19103F-16F7-4668-BE54-9A1E7A4F7556}") = "BankAppTestBack.Web", "BankAppTestBack.Web.csproj", "{9428A566-6A4E-445D-BAB9-DA92005D456A}"
EndProject
Project("{9A19103F-16F7-4668-BE54-9A1E7A4F7556}") = "BankAppTestBack.Domain", "..\BankAppTestBack.Domain\BankAppTestBack.Domain.csproj", "{96A8FFE8-67A1-4F22-9914-C937206DA29D}"
EndProject
Project("{9A19103F-16F7-4668-BE54-9A1E7A4F7556}") = "BankAppTestBack.Application", "..\BankAppTestBack.Application\BankAppTestBack.Application.csproj", "{08B8C8FA-0996-4748-91E2-E6BB3128E99F}"
EndProject
Project("{9A19103F-16F7-4668-BE54-9A1E7A4F7556}") = "BankAppTestBack.Infrastructure", "..\BankAppTestBack.Infrastructure\BankAppTestBack.Infrastructure.csproj", "{4F62E0F4-BAF6-4DB5-96EB-529F78251ADC}"
EndProject
Project("{FAE04EC0-301F-11D3-BF4B-00C04F79EFBC}") = "XUnitTestBankAppTestBack", "..\XUnitTestBankAppTestBack\XUnitTestBankAppTestBack.csproj", "{BC819C36-4912-4BF9-8A74-B836864300BB}"
EndProject
Global
	GlobalSection(SolutionConfigurationPlatforms) = preSolution
		Debug|Any CPU = Debug|Any CPU
		Release|Any CPU = Release|Any CPU
	EndGlobalSection
	GlobalSection(ProjectConfigurationPlatforms) = postSolution
		{9428A566-6A4E-445D-BAB9-DA92005D456A}.Debug|Any CPU.ActiveCfg = Debug|Any CPU
		{9428A566-6A4E-445D-BAB9-DA92005D456A}.Debug|Any CPU.Build.0 = Debug|Any CPU
		{9428A566-6A4E-445D-BAB9-DA92005D456A}.Release|Any CPU.ActiveCfg = Release|Any CPU
		{9428A566-6A4E-445D-BAB9-DA92005D456A}.Release|Any CPU.Build.0 = Release|Any CPU
		{96A8FFE8-67A1-4F22-9914-C937206DA29D}.Debug|Any CPU.ActiveCfg = Debug|Any CPU
		{96A8FFE8-67A1-4F22-9914-C937206DA29D}.Debug|Any CPU.Build.0 = Debug|Any CPU
		{96A8FFE8-67A1-4F22-9914-C937206DA29D}.Release|Any CPU.ActiveCfg = Release|Any CPU
		{96A8FFE8-67A1-4F22-9914-C937206DA29D}.Release|Any CPU.Build.0 = Release|Any CPU
		{08B8C8FA-0996-4748-91E2-E6BB3128E99F}.Debug|Any CPU.ActiveCfg = Debug|Any CPU
		{08B8C8FA-0996-4748-91E2-E6BB3128E99F}.Debug|Any CPU.Build.0 = Debug|Any CPU
		{08B8C8FA-0996-4748-91E2-E6BB3128E99F}.Release|Any CPU.ActiveCfg = Release|Any CPU
		{08B8C8FA-0996-4748-91E2-E6BB3128E99F}.Release|Any CPU.Build.0 = Release|Any CPU
		{4F62E0F4-BAF6-4DB5-96EB-529F78251ADC}.Debug|Any CPU.ActiveCfg = Debug|Any CPU
		{4F62E0F4-BAF6-4DB5-96EB-529F78251ADC}.Debug|Any CPU.Build.0 = Debug|Any CPU
		{4F62E0F4-BAF6-4DB5-96EB-529F78251ADC}.Release|Any CPU.ActiveCfg = Release|Any CPU
		{4F62E0F4-BAF6-4DB5-96EB-529F78251ADC}.Release|Any CPU.Build.0 = Release|Any CPU
		{BC819C36-4912-4BF9-8A74-B836864300BB}.Debug|Any CPU.ActiveCfg = Debug|Any CPU
		{BC819C36-4912-4BF9-8A74-B836864300BB}.Debug|Any CPU.Build.0 = Debug|Any CPU
		{BC819C36-4912-4BF9-8A74-B836864300BB}.Release|Any CPU.ActiveCfg = Release|Any CPU
		{BC819C36-4912-4BF9-8A74-B836864300BB}.Release|Any CPU.Build.0 = Release|Any CPU
	EndGlobalSection
	GlobalSection(SolutionProperties) = preSolution
		HideSolutionNode = FALSE
	EndGlobalSection
	GlobalSection(ExtensibilityGlobals) = postSolution
		SolutionGuid = {595571F1-D075-4134-961C-39C44A6D16C3}
	EndGlobalSection
EndGlobal
